
Microsoft Visual Studio Solution File, Format Version 12.00
# Visual Studio Version 17
VisualStudioVersion = 17.14.36603.0
MinimumVisualStudioVersion = 10.0.40219.1
Project("{FAE04EC0-301F-11D3-BF4B-00C04F79EFBC}") = "NotikaIdentityEmail", "NotikaIdentityEmail\NotikaIdentityEmail.csproj", "{4824397C-0FE1-4E8B-96F4-0A2E6F32D1EB}"
EndProject
Global
	GlobalSection(SolutionConfigurationPlatforms) = preSolution
		Debug|Any CPU = Debug|Any CPU
		Release|Any CPU = Release|Any CPU
	EndGlobalSection
	GlobalSection(ProjectConfigurationPlatforms) = postSolution
		{4824397C-0FE1-4E8B-96F4-0A2E6F32D1EB}.Debug|Any CPU.ActiveCfg = Debug|Any CPU
		{4824397C-0FE1-4E8B-96F4-0A2E6F32D1EB}.Debug|Any CPU.Build.0 = Debug|Any CPU
		{4824397C-0FE1-4E8B-96F4-0A2E6F32D1EB}.Release|Any CPU.ActiveCfg = Release|Any CPU
		{4824397C-0FE1-4E8B-96F4-0A2E6F32D1EB}.Release|Any CPU.Build.0 = Release|Any CPU
	EndGlobalSection
	GlobalSection(SolutionProperties) = preSolution
		HideSolutionNode = FALSE
	EndGlobalSection
	GlobalSection(ExtensibilityGlobals) = postSolution
		SolutionGuid = {A3A16A59-DF9B-42D5-89EA-AFB2F2FDA4B7}
	EndGlobalSection
EndGlobal
